
Microsoft Visual Studio Solution File, Format Version 12.00
# Visual Studio Version 16
VisualStudioVersion = 16.0.31515.178
MinimumVisualStudioVersion = 10.0.40219.1
Project("{FAE04EC0-301F-11D3-BF4B-00C04F79EFBC}") = "SexMergeZip", "SexMergeZip\SexMergeZip.csproj", "{DA64FBEC-83EC-487B-B792-9919433CC25A}"
EndProject
Global
	GlobalSection(SolutionConfigurationPlatforms) = preSolution
		Debug|Any CPU = Debug|Any CPU
		Release|Any CPU = Release|Any CPU
	EndGlobalSection
	GlobalSection(ProjectConfigurationPlatforms) = postSolution
		{DA64FBEC-83EC-487B-B792-9919433CC25A}.Debug|Any CPU.ActiveCfg = Debug|Any CPU
		{DA64FBEC-83EC-487B-B792-9919433CC25A}.Debug|Any CPU.Build.0 = Debug|Any CPU
		{DA64FBEC-83EC-487B-B792-9919433CC25A}.Release|Any CPU.ActiveCfg = Release|Any CPU
		{DA64FBEC-83EC-487B-B792-9919433CC25A}.Release|Any CPU.Build.0 = Release|Any CPU
	EndGlobalSection
	GlobalSection(SolutionProperties) = preSolution
		HideSolutionNode = FALSE
	EndGlobalSection
	GlobalSection(ExtensibilityGlobals) = postSolution
		SolutionGuid = {8F014454-84D3-4766-B7FD-F1B9382E6DBF}
	EndGlobalSection
EndGlobal
